
Microsoft Visual Studio Solution File, Format Version 12.00
# Visual Studio 15
Project("{FAE04EC0-301F-11D3-BF4B-00C04F79EFBC}") = "Assembly-CSharp", "Assembly-CSharp.csproj", "{38B3A975-75DC-CE21-EAD3-440A7E728C38}"
EndProject
Project("{FAE04EC0-301F-11D3-BF4B-00C04F79EFBC}") = "Assembly-CSharp-Editor", "Assembly-CSharp-Editor.csproj", "{5EAAA7BF-3900-8A35-358D-82AD0FC5A2E3}"
EndProject
Global
	GlobalSection(SolutionConfigurationPlatforms) = preSolution
		Debug|Any CPU = Debug|Any CPU
		Release|Any CPU = Release|Any CPU
	EndGlobalSection
	GlobalSection(ProjectConfigurationPlatforms) = postSolution
		{38B3A975-75DC-CE21-EAD3-440A7E728C38}.Debug|Any CPU.ActiveCfg = Debug|Any CPU
		{38B3A975-75DC-CE21-EAD3-440A7E728C38}.Debug|Any CPU.Build.0 = Debug|Any CPU
		{38B3A975-75DC-CE21-EAD3-440A7E728C38}.Release|Any CPU.ActiveCfg = Release|Any CPU
		{38B3A975-75DC-CE21-EAD3-440A7E728C38}.Release|Any CPU.Build.0 = Release|Any CPU
		{5EAAA7BF-3900-8A35-358D-82AD0FC5A2E3}.Debug|Any CPU.ActiveCfg = Debug|Any CPU
		{5EAAA7BF-3900-8A35-358D-82AD0FC5A2E3}.Debug|Any CPU.Build.0 = Debug|Any CPU
		{5EAAA7BF-3900-8A35-358D-82AD0FC5A2E3}.Release|Any CPU.ActiveCfg = Release|Any CPU
		{5EAAA7BF-3900-8A35-358D-82AD0FC5A2E3}.Release|Any CPU.Build.0 = Release|Any CPU
	EndGlobalSection
	GlobalSection(SolutionProperties) = preSolution
		HideSolutionNode = FALSE
	EndGlobalSection
EndGlobal
